// !$*UTF8*$!
{
	archiveVersion = 1;
	classes = {
	};
	objectVersion = 48;
	objects = {

/* Begin PBXBuildFile section */
		6F2F017D1F7B887100A95354 /* BaseVC.swift in Sources */ = {isa = PBXBuildFile; fileRef = 6F2F017C1F7B887100A95354 /* BaseVC.swift */; };
		6F2F017F1F7B892400A95354 /* IndexVC.swift in Sources */ = {isa = PBXBuildFile; fileRef = 6F2F017E1F7B892400A95354 /* IndexVC.swift */; };
		6F88FA571FF8974E005BA2BC /* MEInfoVC.swift in Sources */ = {isa = PBXBuildFile; fileRef = 6F88FA561FF8974E005BA2BC /* MEInfoVC.swift */; };
		6FA5DE8B1F89F8F900AC4DE3 /* BaseTableVC.swift in Sources */ = {isa = PBXBuildFile; fileRef = 6FA5DE8A1F89F8F800AC4DE3 /* BaseTableVC.swift */; };
		6FF3EFEF1F79D50100BBB842 /* AppDelegate.swift in Sources */ = {isa = PBXBuildFile; fileRef = 6FF3EFEE1F79D50100BBB842 /* AppDelegate.swift */; };
		6FF3EFF11F79D50100BBB842 /* MEVC.swift in Sources */ = {isa = PBXBuildFile; fileRef = 6FF3EFF01F79D50100BBB842 /* MEVC.swift */; };
		6FF3EFF41F79D50100BBB842 /* Main.storyboard in Resources */ = {isa = PBXBuildFile; fileRef = 6FF3EFF21F79D50100BBB842 /* Main.storyboard */; };
		6FF3EFF61F79D50100BBB842 /* Assets.xcassets in Resources */ = {isa = PBXBuildFile; fileRef = 6FF3EFF51F79D50100BBB842 /* Assets.xcassets */; };
		6FF3EFF91F79D50100BBB842 /* LaunchScreen.storyboard in Resources */ = {isa = PBXBuildFile; fileRef = 6FF3EFF71F79D50100BBB842 /* LaunchScreen.storyboard */; };
		6FF3F0041F79D50100BBB842 /* ThemeDemoTests.swift in Sources */ = {isa = PBXBuildFile; fileRef = 6FF3F0031F79D50100BBB842 /* ThemeDemoTests.swift */; };
		6FF3F00F1F79D50100BBB842 /* ThemeDemoUITests.swift in Sources */ = {isa = PBXBuildFile; fileRef = 6FF3F00E1F79D50100BBB842 /* ThemeDemoUITests.swift */; };
		6FF3F0271F79D56700BBB842 /* UITextField+Theme.swift in Sources */ = {isa = PBXBuildFile; fileRef = 6FF3F01D1F79D56300BBB842 /* UITextField+Theme.swift */; };
		6FF3F0291F79D5C100BBB842 /* UIButton+Theme.swift in Sources */ = {isa = PBXBuildFile; fileRef = 6FF3F01F1F79D56300BBB842 /* UIButton+Theme.swift */; };
		6FF3F02A1F79D5C100BBB842 /* UITextView+Theme.swift in Sources */ = {isa = PBXBuildFile; fileRef = 6FF3F0201F79D56300BBB842 /* UITextView+Theme.swift */; };
		6FF3F02B1F79D5C100BBB842 /* UIView+Theme.swift in Sources */ = {isa = PBXBuildFile; fileRef = 6FF3F0211F79D56300BBB842 /* UIView+Theme.swift */; };
		6FF3F02C1F79D5C100BBB842 /* Theme.swift in Sources */ = {isa = PBXBuildFile; fileRef = 6FF3F0221F79D56300BBB842 /* Theme.swift */; };
		6FF3F02D1F79D5C100BBB842 /* UILabel+Theme.swift in Sources */ = {isa = PBXBuildFile; fileRef = 6FF3F0231F79D56300BBB842 /* UILabel+Theme.swift */; };
		6FF3F02F1F79D5C100BBB842 /* UIImageView+Theme.swift in Sources */ = {isa = PBXBuildFile; fileRef = 6FF3F0251F79D56300BBB842 /* UIImageView+Theme.swift */; };
		6FF3F0321F79DA9300BBB842 /* Definition.swift in Sources */ = {isa = PBXBuildFile; fileRef = 6FF3F0311F79DA9300BBB842 /* Definition.swift */; };
		6FF3F0341F79DF3E00BBB842 /* Theme+Colors.swift in Sources */ = {isa = PBXBuildFile; fileRef = 6FF3F0331F79DF3E00BBB842 /* Theme+Colors.swift */; };
		6FF3F0361F79DF4C00BBB842 /* Theme+Images.swift in Sources */ = {isa = PBXBuildFile; fileRef = 6FF3F0351F79DF4C00BBB842 /* Theme+Images.swift */; };
		6FF3F0391F79E23E00BBB842 /* default.theme in Resources */ = {isa = PBXBuildFile; fileRef = 6FF3F0381F79E23B00BBB842 /* default.theme */; };
		6FF3F03A1F79E24100BBB842 /* night.theme in Resources */ = {isa = PBXBuildFile; fileRef = 6FF3F0371F79E23A00BBB842 /* night.theme */; };
		6FF844061FF763CC0027D194 /* BaseNavigationController.swift in Sources */ = {isa = PBXBuildFile; fileRef = 6FF844051FF763CC0027D194 /* BaseNavigationController.swift */; };
		6FF844081FF763EB0027D194 /* BaseTabBarController.swift in Sources */ = {isa = PBXBuildFile; fileRef = 6FF844071FF763EB0027D194 /* BaseTabBarController.swift */; };
		6FF8440F1FF791590027D194 /* UIColor+Theme.swift in Sources */ = {isa = PBXBuildFile; fileRef = 6FF8440E1FF791590027D194 /* UIColor+Theme.swift */; };
		6FF844111FF791790027D194 /* BaseTableViewCell.swift in Sources */ = {isa = PBXBuildFile; fileRef = 6FF844101FF791790027D194 /* BaseTableViewCell.swift */; };
		6FF844131FF79A540027D194 /* preview.html in Resources */ = {isa = PBXBuildFile; fileRef = 6FF844121FF79A540027D194 /* preview.html */; };
/* End PBXBuildFile section */

/* Begin PBXContainerItemProxy section */
		6FF3F0001F79D50100BBB842 /* PBXContainerItemProxy */ = {
			isa = PBXContainerItemProxy;
			containerPortal = 6FF3EFE31F79D50100BBB842 /* Project object */;
			proxyType = 1;
			remoteGlobalIDString = 6FF3EFEA1F79D50100BBB842;
			remoteInfo = ThemeDemo;
		};
		6FF3F00B1F79D50100BBB842 /* PBXContainerItemProxy */ = {
			isa = PBXContainerItemProxy;
			containerPortal = 6FF3EFE31F79D50100BBB842 /* Project object */;
			proxyType = 1;
			remoteGlobalIDString = 6FF3EFEA1F79D50100BBB842;
			remoteInfo = ThemeDemo;
		};
/* End PBXContainerItemProxy section */

/* Begin PBXFileReference section */
		6F2F017C1F7B887100A95354 /* BaseVC.swift */ = {isa = PBXFileReference; lastKnownFileType = sourcecode.swift; path = BaseVC.swift; sourceTree = "<group>"; };
		6F2F017E1F7B892400A95354 /* IndexVC.swift */ = {isa = PBXFileReference; lastKnownFileType = sourcecode.swift; path = IndexVC.swift; sourceTree = "<group>"; };
		6F88FA561FF8974E005BA2BC /* MEInfoVC.swift */ = {isa = PBXFileReference; lastKnownFileType = sourcecode.swift; name = MEInfoVC.swift; path = ../../../../../gkk/Desktop/Demo/ThemeDemo/ThemeDemo/MEInfoVC.swift; sourceTree = "<group>"; };
		6FA5DE8A1F89F8F800AC4DE3 /* BaseTableVC.swift */ = {isa = PBXFileReference; lastKnownFileType = sourcecode.swift; path = BaseTableVC.swift; sourceTree = "<group>"; };
		6FF3EFEB1F79D50100BBB842 /* ThemeDemo.app */ = {isa = PBXFileReference; explicitFileType = wrapper.application; includeInIndex = 0; path = ThemeDemo.app; sourceTree = BUILT_PRODUCTS_DIR; };
		6FF3EFEE1F79D50100BBB842 /* AppDelegate.swift */ = {isa = PBXFileReference; lastKnownFileType = sourcecode.swift; path = AppDelegate.swift; sourceTree = "<group>"; };
		6FF3EFF01F79D50100BBB842 /* MEVC.swift */ = {isa = PBXFileReference; lastKnownFileType = sourcecode.swift; path = MEVC.swift; sourceTree = "<group>"; };
		6FF3EFF31F79D50100BBB842 /* Base */ = {isa = PBXFileReference; lastKnownFileType = file.storyboard; name = Base; path = Base.lproj/Main.storyboard; sourceTree = "<group>"; };
		6FF3EFF51F79D50100BBB842 /* Assets.xcassets */ = {isa = PBXFileReference; lastKnownFileType = folder.assetcatalog; path = Assets.xcassets; sourceTree = "<group>"; };
		6FF3EFF81F79D50100BBB842 /* Base */ = {isa = PBXFileReference; lastKnownFileType = file.storyboard; name = Base; path = Base.lproj/LaunchScreen.storyboard; sourceTree = "<group>"; };
		6FF3EFFA1F79D50100BBB842 /* Info.plist */ = {isa = PBXFileReference; lastKnownFileType = text.plist.xml; path = Info.plist; sourceTree = "<group>"; };
		6FF3EFFF1F79D50100BBB842 /* ThemeDemoTests.xctest */ = {isa = PBXFileReference; explicitFileType = wrapper.cfbundle; includeInIndex = 0; path = ThemeDemoTests.xctest; sourceTree = BUILT_PRODUCTS_DIR; };
		6FF3F0031F79D50100BBB842 /* ThemeDemoTests.swift */ = {isa = PBXFileReference; lastKnownFileType = sourcecode.swift; path = ThemeDemoTests.swift; sourceTree = "<group>"; };
		6FF3F0051F79D50100BBB842 /* Info.plist */ = {isa = PBXFileReference; lastKnownFileType = text.plist.xml; path = Info.plist; sourceTree = "<group>"; };
		6FF3F00A1F79D50100BBB842 /* ThemeDemoUITests.xctest */ = {isa = PBXFileReference; explicitFileType = wrapper.cfbundle; includeInIndex = 0; path = ThemeDemoUITests.xctest; sourceTree = BUILT_PRODUCTS_DIR; };
		6FF3F00E1F79D50100BBB842 /* ThemeDemoUITests.swift */ = {isa = PBXFileReference; lastKnownFileType = sourcecode.swift; path = ThemeDemoUITests.swift; sourceTree = "<group>"; };
		6FF3F0101F79D50100BBB842 /* Info.plist */ = {isa = PBXFileReference; lastKnownFileType = text.plist.xml; path = Info.plist; sourceTree = "<group>"; };
		6FF3F01D1F79D56300BBB842 /* UITextField+Theme.swift */ = {isa = PBXFileReference; lastKnownFileType = sourcecode.swift; path = "UITextField+Theme.swift"; sourceTree = "<group>"; };
		6FF3F01F1F79D56300BBB842 /* UIButton+Theme.swift */ = {isa = PBXFileReference; lastKnownFileType = sourcecode.swift; path = "UIButton+Theme.swift"; sourceTree = "<group>"; };
		6FF3F0201F79D56300BBB842 /* UITextView+Theme.swift */ = {isa = PBXFileReference; lastKnownFileType = sourcecode.swift; path = "UITextView+Theme.swift"; sourceTree = "<group>"; };
		6FF3F0211F79D56300BBB842 /* UIView+Theme.swift */ = {isa = PBXFileReference; lastKnownFileType = sourcecode.swift; path = "UIView+Theme.swift"; sourceTree = "<group>"; };
		6FF3F0221F79D56300BBB842 /* Theme.swift */ = {isa = PBXFileReference; lastKnownFileType = sourcecode.swift; path = Theme.swift; sourceTree = "<group>"; };
		6FF3F0231F79D56300BBB842 /* UILabel+Theme.swift */ = {isa = PBXFileReference; lastKnownFileType = sourcecode.swift; path = "UILabel+Theme.swift"; sourceTree = "<group>"; };
		6FF3F0251F79D56300BBB842 /* UIImageView+Theme.swift */ = {isa = PBXFileReference; lastKnownFileType = sourcecode.swift; path = "UIImageView+Theme.swift"; sourceTree = "<group>"; };
		6FF3F0311F79DA9300BBB842 /* Definition.swift */ = {isa = PBXFileReference; lastKnownFileType = sourcecode.swift; path = Definition.swift; sourceTree = "<group>"; };
		6FF3F0331F79DF3E00BBB842 /* Theme+Colors.swift */ = {isa = PBXFileReference; lastKnownFileType = sourcecode.swift; path = "Theme+Colors.swift"; sourceTree = "<group>"; };
		6FF3F0351F79DF4C00BBB842 /* Theme+Images.swift */ = {isa = PBXFileReference; lastKnownFileType = sourcecode.swift; path = "Theme+Images.swift"; sourceTree = "<group>"; };
		6FF3F0371F79E23A00BBB842 /* night.theme */ = {isa = PBXFileReference; lastKnownFileType = text; path = night.theme; sourceTree = "<group>"; };
		6FF3F0381F79E23B00BBB842 /* default.theme */ = {isa = PBXFileReference; lastKnownFileType = text; path = default.theme; sourceTree = "<group>"; };
		6FF844051FF763CC0027D194 /* BaseNavigationController.swift */ = {isa = PBXFileReference; lastKnownFileType = sourcecode.swift; path = BaseNavigationController.swift; sourceTree = "<group>"; };
		6FF844071FF763EB0027D194 /* BaseTabBarController.swift */ = {isa = PBXFileReference; lastKnownFileType = sourcecode.swift; path = BaseTabBarController.swift; sourceTree = "<group>"; };
		6FF8440E1FF791590027D194 /* UIColor+Theme.swift */ = {isa = PBXFileReference; fileEncoding = 4; lastKnownFileType = sourcecode.swift; name = "UIColor+Theme.swift"; path = "../../../../../../gkk/Desktop/Demo/ThemeDemo/ThemeDemo/Theme/UIColor+Theme.swift"; sourceTree = "<group>"; };
		6FF844101FF791790027D194 /* BaseTableViewCell.swift */ = {isa = PBXFileReference; fileEncoding = 4; lastKnownFileType = sourcecode.swift; name = BaseTableViewCell.swift; path = ../../../../../../../gkk/Desktop/Demo/ThemeDemo/ThemeDemo/Theme/Base/BaseTableViewCell.swift; sourceTree = "<group>"; };
		6FF844121FF79A540027D194 /* preview.html */ = {isa = PBXFileReference; fileEncoding = 4; lastKnownFileType = text.html; path = preview.html; sourceTree = "<group>"; };
/* End PBXFileReference section */

/* Begin PBXFrameworksBuildPhase section */
		6FF3EFE81F79D50100BBB842 /* Frameworks */ = {
			isa = PBXFrameworksBuildPhase;
			buildActionMask = 2147483647;
			files = (
			);
			runOnlyForDeploymentPostprocessing = 0;
		};
		6FF3EFFC1F79D50100BBB842 /* Frameworks */ = {
			isa = PBXFrameworksBuildPhase;
			buildActionMask = 2147483647;
			files = (
			);
			runOnlyForDeploymentPostprocessing = 0;
		};
		6FF3F0071F79D50100BBB842 /* Frameworks */ = {
			isa = PBXFrameworksBuildPhase;
			buildActionMask = 2147483647;
			files = (
			);
			runOnlyForDeploymentPostprocessing = 0;
		};
/* End PBXFrameworksBuildPhase section */

/* Begin PBXGroup section */
		6FF3EFE21F79D50100BBB842 = {
			isa = PBXGroup;
			children = (
				6FF3EFED1F79D50100BBB842 /* ThemeDemo */,
				6FF3F0021F79D50100BBB842 /* ThemeDemoTests */,
				6FF3F00D1F79D50100BBB842 /* ThemeDemoUITests */,
				6FF3EFEC1F79D50100BBB842 /* Products */,
			);
			sourceTree = "<group>";
		};
		6FF3EFEC1F79D50100BBB842 /* Products */ = {
			isa = PBXGroup;
			children = (
				6FF3EFEB1F79D50100BBB842 /* ThemeDemo.app */,
				6FF3EFFF1F79D50100BBB842 /* ThemeDemoTests.xctest */,
				6FF3F00A1F79D50100BBB842 /* ThemeDemoUITests.xctest */,
			);
			name = Products;
			sourceTree = "<group>";
		};
		6FF3EFED1F79D50100BBB842 /* ThemeDemo */ = {
			isa = PBXGroup;
			children = (
				6FF3F01C1F79D56300BBB842 /* Theme */,
				6FF3EFEE1F79D50100BBB842 /* AppDelegate.swift */,
				6FF3EFF21F79D50100BBB842 /* Main.storyboard */,
				6FF3EFF51F79D50100BBB842 /* Assets.xcassets */,
				6FF3EFF71F79D50100BBB842 /* LaunchScreen.storyboard */,
				6FF3EFFA1F79D50100BBB842 /* Info.plist */,
				6FF3EFF01F79D50100BBB842 /* MEVC.swift */,
				6F2F017E1F7B892400A95354 /* IndexVC.swift */,
				6FF844121FF79A540027D194 /* preview.html */,
				6F88FA561FF8974E005BA2BC /* MEInfoVC.swift */,
			);
			path = ThemeDemo;
			sourceTree = "<group>";
		};
		6FF3F0021F79D50100BBB842 /* ThemeDemoTests */ = {
			isa = PBXGroup;
			children = (
				6FF3F0031F79D50100BBB842 /* ThemeDemoTests.swift */,
				6FF3F0051F79D50100BBB842 /* Info.plist */,
			);
			path = ThemeDemoTests;
			sourceTree = "<group>";
		};
		6FF3F00D1F79D50100BBB842 /* ThemeDemoUITests */ = {
			isa = PBXGroup;
			children = (
				6FF3F00E1F79D50100BBB842 /* ThemeDemoUITests.swift */,
				6FF3F0101F79D50100BBB842 /* Info.plist */,
			);
			path = ThemeDemoUITests;
			sourceTree = "<group>";
		};
		6FF3F01C1F79D56300BBB842 /* Theme */ = {
			isa = PBXGroup;
			children = (
				6FF844091FF763F70027D194 /* Base */,
				6FF3F0221F79D56300BBB842 /* Theme.swift */,
				6FF3F0211F79D56300BBB842 /* UIView+Theme.swift */,
				6FF3F01D1F79D56300BBB842 /* UITextField+Theme.swift */,
				6FF3F01F1F79D56300BBB842 /* UIButton+Theme.swift */,
				6FF3F0201F79D56300BBB842 /* UITextView+Theme.swift */,
				6FF3F0231F79D56300BBB842 /* UILabel+Theme.swift */,
				6FF3F0251F79D56300BBB842 /* UIImageView+Theme.swift */,
				6FF8440E1FF791590027D194 /* UIColor+Theme.swift */,
				6FF3F0311F79DA9300BBB842 /* Definition.swift */,
				6FF3F0331F79DF3E00BBB842 /* Theme+Colors.swift */,
				6FF3F0351F79DF4C00BBB842 /* Theme+Images.swift */,
				6FF3F0381F79E23B00BBB842 /* default.theme */,
				6FF3F0371F79E23A00BBB842 /* night.theme */,
			);
			path = Theme;
			sourceTree = "<group>";
		};
		6FF844091FF763F70027D194 /* Base */ = {
			isa = PBXGroup;
			children = (
				6F2F017C1F7B887100A95354 /* BaseVC.swift */,
				6FA5DE8A1F89F8F800AC4DE3 /* BaseTableVC.swift */,
				6FF844071FF763EB0027D194 /* BaseTabBarController.swift */,
				6FF844051FF763CC0027D194 /* BaseNavigationController.swift */,
				6FF844101FF791790027D194 /* BaseTableViewCell.swift */,
			);
			path = Base;
			sourceTree = "<group>";
		};
/* End PBXGroup section */

/* Begin PBXNativeTarget section */
		6FF3EFEA1F79D50100BBB842 /* ThemeDemo */ = {
			isa = PBXNativeTarget;
			buildConfigurationList = 6FF3F0131F79D50100BBB842 /* Build configuration list for PBXNativeTarget "ThemeDemo" */;
			buildPhases = (
				6FF3EFE71F79D50100BBB842 /* Sources */,
				6FF3EFE81F79D50100BBB842 /* Frameworks */,
				6FF3EFE91F79D50100BBB842 /* Resources */,
			);
			buildRules = (
			);
			dependencies = (
			);
			name = ThemeDemo;
			productName = ThemeDemo;
			productReference = 6FF3EFEB1F79D50100BBB842 /* ThemeDemo.app */;
			productType = "com.apple.product-type.application";
		};
		6FF3EFFE1F79D50100BBB842 /* ThemeDemoTests */ = {
			isa = PBXNativeTarget;
			buildConfigurationList = 6FF3F0161F79D50100BBB842 /* Build configuration list for PBXNativeTarget "ThemeDemoTests" */;
			buildPhases = (
				6FF3EFFB1F79D50100BBB842 /* Sources */,
				6FF3EFFC1F79D50100BBB842 /* Frameworks */,
				6FF3EFFD1F79D50100BBB842 /* Resources */,
			);
			buildRules = (
			);
			dependencies = (
				6FF3F0011F79D50100BBB842 /* PBXTargetDependency */,
			);
			name = ThemeDemoTests;
			productName = ThemeDemoTests;
			productReference = 6FF3EFFF1F79D50100BBB842 /* ThemeDemoTests.xctest */;
			productType = "com.apple.product-type.bundle.unit-test";
		};
		6FF3F0091F79D50100BBB842 /* ThemeDemoUITests */ = {
			isa = PBXNativeTarget;
			buildConfigurationList = 6FF3F0191F79D50100BBB842 /* Build configuration list for PBXNativeTarget "ThemeDemoUITests" */;
			buildPhases = (
				6FF3F0061F79D50100BBB842 /* Sources */,
				6FF3F0071F79D50100BBB842 /* Frameworks */,
				6FF3F0081F79D50100BBB842 /* Resources */,
			);
			buildRules = (
			);
			dependencies = (
				6FF3F00C1F79D50100BBB842 /* PBXTargetDependency */,
			);
			name = ThemeDemoUITests;
			productName = ThemeDemoUITests;
			productReference = 6FF3F00A1F79D50100BBB842 /* ThemeDemoUITests.xctest */;
			productType = "com.apple.product-type.bundle.ui-testing";
		};
/* End PBXNativeTarget section */

/* Begin PBXProject section */
		6FF3EFE31F79D50100BBB842 /* Project object */ = {
			isa = PBXProject;
			attributes = {
				LastSwiftUpdateCheck = 0900;
				LastUpgradeCheck = 0900;
				ORGANIZATIONNAME = GKK;
				TargetAttributes = {
					6FF3EFEA1F79D50100BBB842 = {
						CreatedOnToolsVersion = 9.0;
						ProvisioningStyle = Automatic;
					};
					6FF3EFFE1F79D50100BBB842 = {
						CreatedOnToolsVersion = 9.0;
						ProvisioningStyle = Automatic;
						TestTargetID = 6FF3EFEA1F79D50100BBB842;
					};
					6FF3F0091F79D50100BBB842 = {
						CreatedOnToolsVersion = 9.0;
						ProvisioningStyle = Automatic;
						TestTargetID = 6FF3EFEA1F79D50100BBB842;
					};
				};
			};
			buildConfigurationList = 6FF3EFE61F79D50100BBB842 /* Build configuration list for PBXProject "ThemeDemo" */;
			compatibilityVersion = "Xcode 8.0";
			developmentRegion = en;
			hasScannedForEncodings = 0;
			knownRegions = (
				en,
				Base,
			);
			mainGroup = 6FF3EFE21F79D50100BBB842;
			productRefGroup = 6FF3EFEC1F79D50100BBB842 /* Products */;
			projectDirPath = "";
			projectRoot = "";
			targets = (
				6FF3EFEA1F79D50100BBB842 /* ThemeDemo */,
				6FF3EFFE1F79D50100BBB842 /* ThemeDemoTests */,
				6FF3F0091F79D50100BBB842 /* ThemeDemoUITests */,
			);
		};
/* End PBXProject section */

/* Begin PBXResourcesBuildPhase section */
		6FF3EFE91F79D50100BBB842 /* Resources */ = {
			isa = PBXResourcesBuildPhase;
			buildActionMask = 2147483647;
			files = (
				6FF3EFF91F79D50100BBB842 /* LaunchScreen.storyboard in Resources */,
				6FF844131FF79A540027D194 /* preview.html in Resources */,
				6FF3F03A1F79E24100BBB842 /* night.theme in Resources */,
				6FF3EFF61F79D50100BBB842 /* Assets.xcassets in Resources */,
				6FF3EFF41F79D50100BBB842 /* Main.storyboard in Resources */,
				6FF3F0391F79E23E00BBB842 /* default.theme in Resources */,
			);
			runOnlyForDeploymentPostprocessing = 0;
		};
		6FF3EFFD1F79D50100BBB842 /* Resources */ = {
			isa = PBXResourcesBuildPhase;
			buildActionMask = 2147483647;
			files = (
			);
			runOnlyForDeploymentPostprocessing = 0;
		};
		6FF3F0081F79D50100BBB842 /* Resources */ = {
			isa = PBXResourcesBuildPhase;
			buildActionMask = 2147483647;
			files = (
			);
			runOnlyForDeploymentPostprocessing = 0;
		};
/* End PBXResourcesBuildPhase section */

/* Begin PBXSourcesBuildPhase section */
		6FF3EFE71F79D50100BBB842 /* Sources */ = {
			isa = PBXSourcesBuildPhase;
			buildActionMask = 2147483647;
			files = (
				6F88FA571FF8974E005BA2BC /* MEInfoVC.swift in Sources */,
				6FF3F02A1F79D5C100BBB842 /* UITextView+Theme.swift in Sources */,
				6FF844081FF763EB0027D194 /* BaseTabBarController.swift in Sources */,
				6FF3EFF11F79D50100BBB842 /* MEVC.swift in Sources */,
				6FF3F0341F79DF3E00BBB842 /* Theme+Colors.swift in Sources */,
				6FF3F0321F79DA9300BBB842 /* Definition.swift in Sources */,
				6FF3EFEF1F79D50100BBB842 /* AppDelegate.swift in Sources */,
				6FF3F0361F79DF4C00BBB842 /* Theme+Images.swift in Sources */,
				6FF844111FF791790027D194 /* BaseTableViewCell.swift in Sources */,
				6FF3F0271F79D56700BBB842 /* UITextField+Theme.swift in Sources */,
				6F2F017F1F7B892400A95354 /* IndexVC.swift in Sources */,
				6FF3F0291F79D5C100BBB842 /* UIButton+Theme.swift in Sources */,
				6FF8440F1FF791590027D194 /* UIColor+Theme.swift in Sources */,
				6F2F017D1F7B887100A95354 /* BaseVC.swift in Sources */,
				6FA5DE8B1F89F8F900AC4DE3 /* BaseTableVC.swift in Sources */,
				6FF3F02D1F79D5C100BBB842 /* UILabel+Theme.swift in Sources */,
				6FF3F02C1F79D5C100BBB842 /* Theme.swift in Sources */,
				6FF844061FF763CC0027D194 /* BaseNavigationController.swift in Sources */,
				6FF3F02F1F79D5C100BBB842 /* UIImageView+Theme.swift in Sources */,
				6FF3F02B1F79D5C100BBB842 /* UIView+Theme.swift in Sources */,
			);
			runOnlyForDeploymentPostprocessing = 0;
		};
		6FF3EFFB1F79D50100BBB842 /* Sources */ = {
			isa = PBXSourcesBuildPhase;
			buildActionMask = 2147483647;
			files = (
				6FF3F0041F79D50100BBB842 /* ThemeDemoTests.swift in Sources */,
			);
			runOnlyForDeploymentPostprocessing = 0;
		};
		6FF3F0061F79D50100BBB842 /* Sources */ = {
			isa = PBXSourcesBuildPhase;
			buildActionMask = 2147483647;
			files = (
				6FF3F00F1F79D50100BBB842 /* ThemeDemoUITests.swift in Sources */,
			);
			runOnlyForDeploymentPostprocessing = 0;
		};
/* End PBXSourcesBuildPhase section */

/* Begin PBXTargetDependency section */
		6FF3F0011F79D50100BBB842 /* PBXTargetDependency */ = {
			isa = PBXTargetDependency;
			target = 6FF3EFEA1F79D50100BBB842 /* ThemeDemo */;
			targetProxy = 6FF3F0001F79D50100BBB842 /* PBXContainerItemProxy */;
		};
		6FF3F00C1F79D50100BBB842 /* PBXTargetDependency */ = {
			isa = PBXTargetDependency;
			target = 6FF3EFEA1F79D50100BBB842 /* ThemeDemo */;
			targetProxy = 6FF3F00B1F79D50100BBB842 /* PBXContainerItemProxy */;
		};
/* End PBXTargetDependency section */

/* Begin PBXVariantGroup section */
		6FF3EFF21F79D50100BBB842 /* Main.storyboard */ = {
			isa = PBXVariantGroup;
			children = (
				6FF3EFF31F79D50100BBB842 /* Base */,
			);
			name = Main.storyboard;
			sourceTree = "<group>";
		};
		6FF3EFF71F79D50100BBB842 /* LaunchScreen.storyboard */ = {
			isa = PBXVariantGroup;
			children = (
				6FF3EFF81F79D50100BBB842 /* Base */,
			);
			name = LaunchScreen.storyboard;
			sourceTree = "<group>";
		};
/* End PBXVariantGroup section */

/* Begin XCBuildConfiguration section */
		6FF3F0111F79D50100BBB842 /* Debug */ = {
			isa = XCBuildConfiguration;
			buildSettings = {
				ALWAYS_SEARCH_USER_PATHS = NO;
				CLANG_ANALYZER_NONNULL = YES;
				CLANG_ANALYZER_NUMBER_OBJECT_CONVERSION = YES_AGGRESSIVE;
				CLANG_CXX_LANGUAGE_STANDARD = "gnu++14";
				CLANG_CXX_LIBRARY = "libc++";
				CLANG_ENABLE_MODULES = YES;
				CLANG_ENABLE_OBJC_ARC = YES;
				CLANG_WARN_BLOCK_CAPTURE_AUTORELEASING = YES;
				CLANG_WARN_BOOL_CONVERSION = YES;
				CLANG_WARN_COMMA = YES;
				CLANG_WARN_CONSTANT_CONVERSION = YES;
				CLANG_WARN_DIRECT_OBJC_ISA_USAGE = YES_ERROR;
				CLANG_WARN_DOCUMENTATION_COMMENTS = YES;
				CLANG_WARN_EMPTY_BODY = YES;
				CLANG_WARN_ENUM_CONVERSION = YES;
				CLANG_WARN_INFINITE_RECURSION = YES;
				CLANG_WARN_INT_CONVERSION = YES;
				CLANG_WARN_NON_LITERAL_NULL_CONVERSION = YES;
				CLANG_WARN_OBJC_LITERAL_CONVERSION = YES;
				CLANG_WARN_OBJC_ROOT_CLASS = YES_ERROR;
				CLANG_WARN_RANGE_LOOP_ANALYSIS = YES;
				CLANG_WARN_STRICT_PROTOTYPES = YES;
				CLANG_WARN_SUSPICIOUS_MOVE = YES;
				CLANG_WARN_UNGUARDED_AVAILABILITY = YES_AGGRESSIVE;
				CLANG_WARN_UNREACHABLE_CODE = YES;
				CLANG_WARN__DUPLICATE_METHOD_MATCH = YES;
				CODE_SIGN_IDENTITY = "iPhone Developer";
				COPY_PHASE_STRIP = NO;
				DEBUG_INFORMATION_FORMAT = dwarf;
				ENABLE_STRICT_OBJC_MSGSEND = YES;
				ENABLE_TESTABILITY = YES;
				GCC_C_LANGUAGE_STANDARD = gnu11;
				GCC_DYNAMIC_NO_PIC = NO;
				GCC_NO_COMMON_BLOCKS = YES;
				GCC_OPTIMIZATION_LEVEL = 0;
				GCC_PREPROCESSOR_DEFINITIONS = (
					"DEBUG=1",
					"$(inherited)",
				);
				GCC_WARN_64_TO_32_BIT_CONVERSION = YES;
				GCC_WARN_ABOUT_RETURN_TYPE = YES_ERROR;
				GCC_WARN_UNDECLARED_SELECTOR = YES;
				GCC_WARN_UNINITIALIZED_AUTOS = YES_AGGRESSIVE;
				GCC_WARN_UNUSED_FUNCTION = YES;
				GCC_WARN_UNUSED_VARIABLE = YES;
				IPHONEOS_DEPLOYMENT_TARGET = 11.0;
				MTL_ENABLE_DEBUG_INFO = YES;
				ONLY_ACTIVE_ARCH = YES;
				SDKROOT = iphoneos;
				SWIFT_ACTIVE_COMPILATION_CONDITIONS = DEBUG;
				SWIFT_OPTIMIZATION_LEVEL = "-Onone";
			};
			name = Debug;
		};
		6FF3F0121F79D50100BBB842 /* Release */ = {
			isa = XCBuildConfiguration;
			buildSettings = {
				ALWAYS_SEARCH_USER_PATHS = NO;
				CLANG_ANALYZER_NONNULL = YES;
				CLANG_ANALYZER_NUMBER_OBJECT_CONVERSION = YES_AGGRESSIVE;
				CLANG_CXX_LANGUAGE_STANDARD = "gnu++14";
				CLANG_CXX_LIBRARY = "libc++";
				CLANG_ENABLE_MODULES = YES;
				CLANG_ENABLE_OBJC_ARC = YES;
				CLANG_WARN_BLOCK_CAPTURE_AUTORELEASING = YES;
				CLANG_WARN_BOOL_CONVERSION = YES;
				CLANG_WARN_COMMA = YES;
				CLANG_WARN_CONSTANT_CONVERSION = YES;
				CLANG_WARN_DIRECT_OBJC_ISA_USAGE = YES_ERROR;
				CLANG_WARN_DOCUMENTATION_COMMENTS = YES;
				CLANG_WARN_EMPTY_BODY = YES;
				CLANG_WARN_ENUM_CONVERSION = YES;
				CLANG_WARN_INFINITE_RECURSION = YES;
				CLANG_WARN_INT_CONVERSION = YES;
				CLANG_WARN_NON_LITERAL_NULL_CONVERSION = YES;
				CLANG_WARN_OBJC_LITERAL_CONVERSION = YES;
				CLANG_WARN_OBJC_ROOT_CLASS = YES_ERROR;
				CLANG_WARN_RANGE_LOOP_ANALYSIS = YES;
				CLANG_WARN_STRICT_PROTOTYPES = YES;
				CLANG_WARN_SUSPICIOUS_MOVE = YES;
				CLANG_WARN_UNGUARDED_AVAILABILITY = YES_AGGRESSIVE;
				CLANG_WARN_UNREACHABLE_CODE = YES;
				CLANG_WARN__DUPLICATE_METHOD_MATCH = YES;
				CODE_SIGN_IDENTITY = "iPhone Developer";
				COPY_PHASE_STRIP = NO;
				DEBUG_INFORMATION_FORMAT = "dwarf-with-dsym";
				ENABLE_NS_ASSERTIONS = NO;
				ENABLE_STRICT_OBJC_MSGSEND = YES;
				GCC_C_LANGUAGE_STANDARD = gnu11;
				GCC_NO_COMMON_BLOCKS = YES;
				GCC_WARN_64_TO_32_BIT_CONVERSION = YES;
				GCC_WARN_ABOUT_RETURN_TYPE = YES_ERROR;
				GCC_WARN_UNDECLARED_SELECTOR = YES;
				GCC_WARN_UNINITIALIZED_AUTOS = YES_AGGRESSIVE;
				GCC_WARN_UNUSED_FUNCTION = YES;
				GCC_WARN_UNUSED_VARIABLE = YES;
				IPHONEOS_DEPLOYMENT_TARGET = 11.0;
				MTL_ENABLE_DEBUG_INFO = NO;
				SDKROOT = iphoneos;
				SWIFT_OPTIMIZATION_LEVEL = "-Owholemodule";
				VALIDATE_PRODUCT = YES;
			};
			name = Release;
		};
		6FF3F0141F79D50100BBB842 /* Debug */ = {
			isa = XCBuildConfiguration;
			buildSettings = {
				ASSETCATALOG_COMPILER_APPICON_NAME = AppIcon;
				CODE_SIGN_STYLE = Automatic;
				DEVELOPMENT_TEAM = MV762ECP27;
				INFOPLIST_FILE = ThemeDemo/Info.plist;
				IPHONEOS_DEPLOYMENT_TARGET = 9.0;
				LD_RUNPATH_SEARCH_PATHS = "$(inherited) @executable_path/Frameworks";
				PRODUCT_BUNDLE_IDENTIFIER = me.mokai.demo.ThemeDemo;
				PRODUCT_NAME = "$(TARGET_NAME)";
				SWIFT_VERSION = 4.0;
				TARGETED_DEVICE_FAMILY = "1,2";
			};
			name = Debug;
		};
		6FF3F0151F79D50100BBB842 /* Release */ = {
			isa = XCBuildConfiguration;
			buildSettings = {
				ASSETCATALOG_COMPILER_APPICON_NAME = AppIcon;
				CODE_SIGN_STYLE = Automatic;
				DEVELOPMENT_TEAM = MV762ECP27;
				INFOPLIST_FILE = ThemeDemo/Info.plist;
				IPHONEOS_DEPLOYMENT_TARGET = 9.0;
				LD_RUNPATH_SEARCH_PATHS = "$(inherited) @executable_path/Frameworks";
				PRODUCT_BUNDLE_IDENTIFIER = me.mokai.demo.ThemeDemo;
				PRODUCT_NAME = "$(TARGET_NAME)";
				SWIFT_VERSION = 4.0;
				TARGETED_DEVICE_FAMILY = "1,2";
			};
			name = Release;
		};
		6FF3F0171F79D50100BBB842 /* Debug */ = {
			isa = XCBuildConfiguration;
			buildSettings = {
				ALWAYS_EMBED_SWIFT_STANDARD_LIBRARIES = YES;
				BUNDLE_LOADER = "$(TEST_HOST)";
				CODE_SIGN_STYLE = Automatic;
				INFOPLIST_FILE = ThemeDemoTests/Info.plist;
				LD_RUNPATH_SEARCH_PATHS = "$(inherited) @executable_path/Frameworks @loader_path/Frameworks";
				PRODUCT_BUNDLE_IDENTIFIER = me.mokai.demo.ThemeDemoTests;
				PRODUCT_NAME = "$(TARGET_NAME)";
				SWIFT_VERSION = 4.0;
				TARGETED_DEVICE_FAMILY = "1,2";
				TEST_HOST = "$(BUILT_PRODUCTS_DIR)/ThemeDemo.app/ThemeDemo";
			};
			name = Debug;
		};
		6FF3F0181F79D50100BBB842 /* Release */ = {
			isa = XCBuildConfiguration;
			buildSettings = {
				ALWAYS_EMBED_SWIFT_STANDARD_LIBRARIES = YES;
				BUNDLE_LOADER = "$(TEST_HOST)";
				CODE_SIGN_STYLE = Automatic;
				INFOPLIST_FILE = ThemeDemoTests/Info.plist;
				LD_RUNPATH_SEARCH_PATHS = "$(inherited) @executable_path/Frameworks @loader_path/Frameworks";
				PRODUCT_BUNDLE_IDENTIFIER = me.mokai.demo.ThemeDemoTests;
				PRODUCT_NAME = "$(TARGET_NAME)";
				SWIFT_VERSION = 4.0;
				TARGETED_DEVICE_FAMILY = "1,2";
				TEST_HOST = "$(BUILT_PRODUCTS_DIR)/ThemeDemo.app/ThemeDemo";
			};
			name = Release;
		};
		6FF3F01A1F79D50100BBB842 /* Debug */ = {
			isa = XCBuildConfiguration;
			buildSettings = {
				ALWAYS_EMBED_SWIFT_STANDARD_LIBRARIES = YES;
				CODE_SIGN_STYLE = Automatic;
				INFOPLIST_FILE = ThemeDemoUITests/Info.plist;
				LD_RUNPATH_SEARCH_PATHS = "$(inherited) @executable_path/Frameworks @loader_path/Frameworks";
				PRODUCT_BUNDLE_IDENTIFIER = me.mokai.demo.ThemeDemoUITests;
				PRODUCT_NAME = "$(TARGET_NAME)";
				SWIFT_VERSION = 4.0;
				TARGETED_DEVICE_FAMILY = "1,2";
				TEST_TARGET_NAME = ThemeDemo;
			};
			name = Debug;
		};
		6FF3F01B1F79D50100BBB842 /* Release */ = {
			isa = XCBuildConfiguration;
			buildSettings = {
				ALWAYS_EMBED_SWIFT_STANDARD_LIBRARIES = YES;
				CODE_SIGN_STYLE = Automatic;
				INFOPLIST_FILE = ThemeDemoUITests/Info.plist;
				LD_RUNPATH_SEARCH_PATHS = "$(inherited) @executable_path/Frameworks @loader_path/Frameworks";
				PRODUCT_BUNDLE_IDENTIFIER = me.mokai.demo.ThemeDemoUITests;
				PRODUCT_NAME = "$(TARGET_NAME)";
				SWIFT_VERSION = 4.0;
				TARGETED_DEVICE_FAMILY = "1,2";
				TEST_TARGET_NAME = ThemeDemo;
			};
			name = Release;
		};
/* End XCBuildConfiguration section */

/* Begin XCConfigurationList section */
		6FF3EFE61F79D50100BBB842 /* Build configuration list for PBXProject "ThemeDemo" */ = {
			isa = XCConfigurationList;
			buildConfigurations = (
				6FF3F0111F79D50100BBB842 /* Debug */,
				6FF3F0121F79D50100BBB842 /* Release */,
			);
			defaultConfigurationIsVisible = 0;
			defaultConfigurationName = Release;
		};
		6FF3F0131F79D50100BBB842 /* Build configuration list for PBXNativeTarget "ThemeDemo" */ = {
			isa = XCConfigurationList;
			buildConfigurations = (
				6FF3F0141F79D50100BBB842 /* Debug */,
				6FF3F0151F79D50100BBB842 /* Release */,
			);
			defaultConfigurationIsVisible = 0;
			defaultConfigurationName = Release;
		};
		6FF3F0161F79D50100BBB842 /* Build configuration list for PBXNativeTarget "ThemeDemoTests" */ = {
			isa = XCConfigurationList;
			buildConfigurations = (
				6FF3F0171F79D50100BBB842 /* Debug */,
				6FF3F0181F79D50100BBB842 /* Release */,
			);
			defaultConfigurationIsVisible = 0;
			defaultConfigurationName = Release;
		};
		6FF3F0191F79D50100BBB842 /* Build configuration list for PBXNativeTarget "ThemeDemoUITests" */ = {
			isa = XCConfigurationList;
			buildConfigurations = (
				6FF3F01A1F79D50100BBB842 /* Debug */,
				6FF3F01B1F79D50100BBB842 /* Release */,
			);
			defaultConfigurationIsVisible = 0;
			defaultConfigurationName = Release;
		};
/* End XCConfigurationList section */
	};
	rootObject = 6FF3EFE31F79D50100BBB842 /* Project object */;
}
